
Microsoft Visual Studio Solution File, Format Version 12.00
# Visual Studio Version 16
VisualStudioVersion = 16.0.30204.135
MinimumVisualStudioVersion = 10.0.40219.1
Project("{9A19103F-16F7-4668-BE54-9A1E7A4F7556}") = "Growty", "Growty\Growty.csproj", "{34B98B53-50D1-4617-89E2-BC950B20B956}"
EndProject
Project("{FAE04EC0-301F-11D3-BF4B-00C04F79EFBC}") = "Domain", "Domain\Domain.csproj", "{4A2E0B89-6377-4632-BA7E-490D4FAA23C2}"
EndProject
Project("{FAE04EC0-301F-11D3-BF4B-00C04F79EFBC}") = "DataLayer", "DataLayer\DataLayer.csproj", "{5DE94E07-6475-47C6-A709-8F1B16ACD28A}"
EndProject
Project("{FAE04EC0-301F-11D3-BF4B-00C04F79EFBC}") = "BusinessLogic", "BusinessLogic\BusinessLogic.csproj", "{74B6703D-428A-4A73-BF7C-21718C1B4BBD}"
EndProject
Project("{FAE04EC0-301F-11D3-BF4B-00C04F79EFBC}") = "Helper", "Helper\Helper.csproj", "{C156A23F-8593-4F65-82E5-F2AE0D5B467A}"
EndProject
Global
	GlobalSection(SolutionConfigurationPlatforms) = preSolution
		Debug|Any CPU = Debug|Any CPU
		Release|Any CPU = Release|Any CPU
	EndGlobalSection
	GlobalSection(ProjectConfigurationPlatforms) = postSolution
		{34B98B53-50D1-4617-89E2-BC950B20B956}.Debug|Any CPU.ActiveCfg = Debug|Any CPU
		{34B98B53-50D1-4617-89E2-BC950B20B956}.Debug|Any CPU.Build.0 = Debug|Any CPU
		{34B98B53-50D1-4617-89E2-BC950B20B956}.Release|Any CPU.ActiveCfg = Release|Any CPU
		{34B98B53-50D1-4617-89E2-BC950B20B956}.Release|Any CPU.Build.0 = Release|Any CPU
		{4A2E0B89-6377-4632-BA7E-490D4FAA23C2}.Debug|Any CPU.ActiveCfg = Debug|Any CPU
		{4A2E0B89-6377-4632-BA7E-490D4FAA23C2}.Debug|Any CPU.Build.0 = Debug|Any CPU
		{4A2E0B89-6377-4632-BA7E-490D4FAA23C2}.Release|Any CPU.ActiveCfg = Release|Any CPU
		{4A2E0B89-6377-4632-BA7E-490D4FAA23C2}.Release|Any CPU.Build.0 = Release|Any CPU
		{5DE94E07-6475-47C6-A709-8F1B16ACD28A}.Debug|Any CPU.ActiveCfg = Debug|Any CPU
		{5DE94E07-6475-47C6-A709-8F1B16ACD28A}.Debug|Any CPU.Build.0 = Debug|Any CPU
		{5DE94E07-6475-47C6-A709-8F1B16ACD28A}.Release|Any CPU.ActiveCfg = Release|Any CPU
		{5DE94E07-6475-47C6-A709-8F1B16ACD28A}.Release|Any CPU.Build.0 = Release|Any CPU
		{74B6703D-428A-4A73-BF7C-21718C1B4BBD}.Debug|Any CPU.ActiveCfg = Debug|Any CPU
		{74B6703D-428A-4A73-BF7C-21718C1B4BBD}.Debug|Any CPU.Build.0 = Debug|Any CPU
		{74B6703D-428A-4A73-BF7C-21718C1B4BBD}.Release|Any CPU.ActiveCfg = Release|Any CPU
		{74B6703D-428A-4A73-BF7C-21718C1B4BBD}.Release|Any CPU.Build.0 = Release|Any CPU
		{C156A23F-8593-4F65-82E5-F2AE0D5B467A}.Debug|Any CPU.ActiveCfg = Debug|Any CPU
		{C156A23F-8593-4F65-82E5-F2AE0D5B467A}.Debug|Any CPU.Build.0 = Debug|Any CPU
		{C156A23F-8593-4F65-82E5-F2AE0D5B467A}.Release|Any CPU.ActiveCfg = Release|Any CPU
		{C156A23F-8593-4F65-82E5-F2AE0D5B467A}.Release|Any CPU.Build.0 = Release|Any CPU
	EndGlobalSection
	GlobalSection(SolutionProperties) = preSolution
		HideSolutionNode = FALSE
	EndGlobalSection
	GlobalSection(ExtensibilityGlobals) = postSolution
		SolutionGuid = {A051AE9E-E54E-4B7D-AE5E-DF858B06B299}
	EndGlobalSection
EndGlobal
