
Microsoft Visual Studio Solution File, Format Version 12.00
# Visual Studio Version 16
VisualStudioVersion = 16.0.30204.135
MinimumVisualStudioVersion = 10.0.40219.1
Project("{FAE04EC0-301F-11D3-BF4B-00C04F79EFBC}") = "Growty", "Growty\Growty.csproj", "{34B98B53-50D1-4617-89E2-BC950B20B956}"
EndProject
Global
	GlobalSection(SolutionConfigurationPlatforms) = preSolution
		Debug|Any CPU = Debug|Any CPU
		Release|Any CPU = Release|Any CPU
	EndGlobalSection
	GlobalSection(ProjectConfigurationPlatforms) = postSolution
		{34B98B53-50D1-4617-89E2-BC950B20B956}.Debug|Any CPU.ActiveCfg = Debug|Any CPU
		{34B98B53-50D1-4617-89E2-BC950B20B956}.Debug|Any CPU.Build.0 = Debug|Any CPU
		{34B98B53-50D1-4617-89E2-BC950B20B956}.Release|Any CPU.ActiveCfg = Release|Any CPU
		{34B98B53-50D1-4617-89E2-BC950B20B956}.Release|Any CPU.Build.0 = Release|Any CPU
	EndGlobalSection
	GlobalSection(SolutionProperties) = preSolution
		HideSolutionNode = FALSE
	EndGlobalSection
	GlobalSection(ExtensibilityGlobals) = postSolution
		SolutionGuid = {A051AE9E-E54E-4B7D-AE5E-DF858B06B299}
	EndGlobalSection
EndGlobal
